PODS:
  - AFNetworking (4.0.1):
    - AFNetworking/NSURLSession (= 4.0.1)
    - AFNetworking/Reachability (= 4.0.1)
    - AFNetworking/Security (= 4.0.1)
    - AFNetworking/Serialization (= 4.0.1)
    - AFNetworking/UIKit (= 4.0.1)
  - AFNetworking/NSURLSession (4.0.1):
    - AFNetworking/Reachability
    - AFNetworking/Security
    - AFNetworking/Serialization
  - AFNetworking/Reachability (4.0.1)
  - AFNetworking/Security (4.0.1)
  - AFNetworking/Serialization (4.0.1)
  - AFNetworking/UIKit (4.0.1):
    - AFNetworking/NSURLSession
  - DateTools (2.0.0)
  - EDSunriseSet (1.0)
  - geopackage-ios (4.0.1):
    - ogc-api-features-json-ios (~> 1.0.0)
    - sf-proj-ios (~> 2.0.3)
    - sf-wkb-ios (~> 2.0.3)
    - tiff-ios (~> 1.1.2)
  - HexColors (2.2.1)
  - Kingfisher (5.14.0):
    - Kingfisher/Core (= 5.14.0)
  - Kingfisher/Core (5.14.0)
  - KTCenterFlowLayout (1.3.1)
  - libPhoneNumber-iOS (0.9.15)
  - mage-ios-sdk (3.1.2):
    - AFNetworking (~> 4.0.1)
    - DateTools (~> 2.0.0)
    - geopackage-ios (~> 4.0.1)
    - MagicalRecord (~> 2.3.2)
    - SSZipArchive (~> 2.2.2)
  - MagicalRecord (2.3.2):
    - MagicalRecord/Core (= 2.3.2)
  - MagicalRecord/Core (2.3.2)
  - mgrs (0.1.0)
  - OCMock (3.6)
  - ogc-api-features-json-ios (1.0.0):
    - sf-geojson-ios (~> 1.0.0)
  - OHHTTPStubs (9.0.0):
    - OHHTTPStubs/Default (= 9.0.0)
  - OHHTTPStubs/Core (9.0.0)
  - OHHTTPStubs/Default (9.0.0):
    - OHHTTPStubs/Core
    - OHHTTPStubs/JSON
    - OHHTTPStubs/NSURLSession
    - OHHTTPStubs/OHPathHelpers
  - OHHTTPStubs/JSON (9.0.0):
    - OHHTTPStubs/Core
  - OHHTTPStubs/NSURLSession (9.0.0):
    - OHHTTPStubs/Core
  - OHHTTPStubs/OHPathHelpers (9.0.0)
  - proj4-ios (4.9.3)
  - sf-geojson-ios (1.0.0):
    - sf-ios (~> 2.0.3)
  - sf-ios (2.0.3)
  - sf-proj-ios (2.0.3):
    - proj4-ios (~> 4.9.3)
    - sf-ios (~> 2.0.3)
  - sf-wkb-ios (2.0.3):
    - sf-ios (~> 2.0.3)
  - SkyFloatingLabelTextField (3.7.0)
  - SSZipArchive (2.2.3)
  - tiff-ios (1.1.2)
  - tuneup_js (1.2.3)
  - UIImage-Categories (0.0.1)
  - zxcvbn-ios (1.0.4)

DEPENDENCIES:
  - DateTools (~> 2.0.0)
  - EDSunriseSet (~> 1.0)
  - HexColors (~> 2.2.1)
  - Kingfisher (~> 5.0)
  - KTCenterFlowLayout
  - libPhoneNumber-iOS (~> 0.8)
  - mage-ios-sdk (from `https://github.com/ngageoint/mage-ios-sdk.git`, tag `3.1.2`)
  - mgrs (~> 0.1.0)
  - OCMock
  - OHHTTPStubs
  - SkyFloatingLabelTextField (~> 3.7.0)
  - tuneup_js
  - UIImage-Categories (~> 0.0.1)
  - zxcvbn-ios

SPEC REPOS:
  https://github.com/CocoaPods/Specs.git:
    - AFNetworking
    - DateTools
    - EDSunriseSet
    - geopackage-ios
    - HexColors
    - Kingfisher
    - KTCenterFlowLayout
    - libPhoneNumber-iOS
    - MagicalRecord
    - mgrs
    - OCMock
    - ogc-api-features-json-ios
    - OHHTTPStubs
    - proj4-ios
    - sf-geojson-ios
    - sf-ios
    - sf-proj-ios
    - sf-wkb-ios
    - SkyFloatingLabelTextField
    - SSZipArchive
    - tiff-ios
    - tuneup_js
    - UIImage-Categories
    - zxcvbn-ios

EXTERNAL SOURCES:
  mage-ios-sdk:
    :git: https://github.com/ngageoint/mage-ios-sdk.git
    :tag: 3.1.2

CHECKOUT OPTIONS:
  mage-ios-sdk:
    :git: https://github.com/ngageoint/mage-ios-sdk.git
    :tag: 3.1.2

SPEC CHECKSUMS:
  AFNetworking: 7864c38297c79aaca1500c33288e429c3451fdce
  DateTools: 933ac9c490f21f92127cf690ccd8c397e0126caf
  EDSunriseSet: bdc4760f496c8e6f9b9a727ffa645b6048aa2a09
  geopackage-ios: 43f401e530b9db603f603c214ce3d1e5e005444c
  HexColors: abfd172e329dab59888614ccba6f216cec59289d
  Kingfisher: 7b64389a43139c903ec434788344c288217c792d
  KTCenterFlowLayout: 6e02b50ab2bd865025ae82fe266ed13b6d9eaf97
  libPhoneNumber-iOS: 0a32a9525cf8744fe02c5206eb30d571e38f7d75
  mage-ios-sdk: c3e330b1d88f562ad3919955de330683000c7876
  MagicalRecord: 53bed74b4323b930992a725be713e53b37d19755
  mgrs: c4b57f8c27ee1f4939be117f4a683e680c127326
  OCMock: 5ea90566be239f179ba766fd9fbae5885040b992
  ogc-api-features-json-ios: 2f733b450d22a73517a5e86fd9241747e039ccb0
  OHHTTPStubs: cb29d2a9d09a828ecb93349a2b0c64f99e0db89f
  proj4-ios: fa2f3ab9ba9ba727bd10bc12aea735d0c3927ef4
  sf-geojson-ios: ef76082c7fac4e594b35e1016113d0dbe164b730
  sf-ios: 4ca0618351be80afac4e0961860d632dd85ab739
  sf-proj-ios: 9f33d6b85d63de2a7d7624cc41254e111ff6fb78
  sf-wkb-ios: 083ded71420534d4fe0aef28060441b7bbf2e724
  SkyFloatingLabelTextField: 4b46db0ab1ccde0919cded29c656e6b4805eda04
  SSZipArchive: 62d4947b08730e4cda640473b0066d209ff033c9
  tiff-ios: f8a47e6aa20fc0d5833041ba5e39b1ab6e187f2e
  tuneup_js: bb9bd3060b8a115501bdf2b668f6497a806d5df3
  UIImage-Categories: 5103b772ae91894f4d650eb696b006f4a2487ec3
  zxcvbn-ios: fef98b7c80f1512ff0eec47ac1fa399fc00f7e3c

PODFILE CHECKSUM: 727a6544668fa9f9ec4f88cf46a5410c52803acc

COCOAPODS: 1.10.1
