PODS:
  - AFNetworking (3.2.1):
    - AFNetworking/NSURLSession (= 3.2.1)
    - AFNetworking/Reachability (= 3.2.1)
    - AFNetworking/Security (= 3.2.1)
    - AFNetworking/Serialization (= 3.2.1)
    - AFNetworking/UIKit (= 3.2.1)
  - AFNetworking/NSURLSession (3.2.1):
    - AFNetworking/Reachability
    - AFNetworking/Security
    - AFNetworking/Serialization
  - AFNetworking/Reachability (3.2.1)
  - AFNetworking/Security (3.2.1)
  - AFNetworking/Serialization (3.2.1)
  - AFNetworking/UIKit (3.2.1):
    - AFNetworking/NSURLSession
  - DateTools (2.0.0)
  - EDSunriseSet (1.0)
  - FastImageCache (1.5.1)
  - geopackage-ios (3.1.0):
    - sf-proj-ios (~> 2.0.1)
    - sf-wkb-ios (~> 2.0.1)
    - tiff-ios (~> 1.1.1)
  - GoogleSignIn (4.4.0):
    - "GoogleToolboxForMac/NSDictionary+URLArguments (~> 2.1)"
    - "GoogleToolboxForMac/NSString+URLArguments (~> 2.1)"
    - GTMSessionFetcher/Core (~> 1.1)
  - GoogleToolboxForMac/DebugUtils (2.2.1):
    - GoogleToolboxForMac/Defines (= 2.2.1)
  - GoogleToolboxForMac/Defines (2.2.1)
  - "GoogleToolboxForMac/NSDictionary+URLArguments (2.2.1)":
    - GoogleToolboxForMac/DebugUtils (= 2.2.1)
    - GoogleToolboxForMac/Defines (= 2.2.1)
    - "GoogleToolboxForMac/NSString+URLArguments (= 2.2.1)"
  - "GoogleToolboxForMac/NSString+URLArguments (2.2.1)"
  - GTMSessionFetcher/Core (1.2.2)
  - HexColors (2.2.1)
  - KTCenterFlowLayout (1.3.1)
  - libPhoneNumber-iOS (0.9.15)
  - mage-ios-sdk (3.0.4):
    - AFNetworking (~> 3.2.1)
    - DateTools (~> 2.0.0)
    - geopackage-ios (~> 3.1.0)
    - MagicalRecord (~> 2.3.2)
    - SSZipArchive (~> 2.2.2)
  - MagicalRecord (2.3.2):
    - MagicalRecord/Core (= 2.3.2)
  - MagicalRecord/Core (2.3.2)
  - mgrs (0.1.0)
  - OCMock (3.4.3)
  - OHHTTPStubs (8.0.0):
    - OHHTTPStubs/Default (= 8.0.0)
  - OHHTTPStubs/Core (8.0.0)
  - OHHTTPStubs/Default (8.0.0):
    - OHHTTPStubs/Core
    - OHHTTPStubs/JSON
    - OHHTTPStubs/NSURLSession
    - OHHTTPStubs/OHPathHelpers
  - OHHTTPStubs/JSON (8.0.0):
    - OHHTTPStubs/Core
  - OHHTTPStubs/NSURLSession (8.0.0):
    - OHHTTPStubs/Core
  - OHHTTPStubs/OHPathHelpers (8.0.0)
  - proj4-ios (4.9.3)
  - sf-ios (2.0.2)
  - sf-proj-ios (2.0.2):
    - proj4-ios (~> 4.9.3)
    - sf-ios (~> 2.0.2)
  - sf-wkb-ios (2.0.2):
    - sf-ios (~> 2.0.2)
  - SkyFloatingLabelTextField (3.6.0)
  - SSZipArchive (2.2.2)
  - tiff-ios (1.1.2)
  - tuneup_js (1.2.3)
  - UIImage-Categories (0.0.1)
  - zxcvbn-ios (1.0.4)

DEPENDENCIES:
  - DateTools (~> 2.0.0)
  - EDSunriseSet (~> 1.0)
  - FastImageCache (~> 1.3)
  - GoogleSignIn
  - HexColors (~> 2.2.1)
  - KTCenterFlowLayout
  - libPhoneNumber-iOS (~> 0.8)
  - mage-ios-sdk (from `https://github.com/ngageoint/mage-ios-sdk.git`, tag `3.0.4`)
  - mgrs (~> 0.1.0)
  - OCMock
  - OHHTTPStubs
  - SkyFloatingLabelTextField (~> 3.6.0)
  - tuneup_js
  - UIImage-Categories (~> 0.0.1)
  - zxcvbn-ios

SPEC REPOS:
  https://github.com/cocoapods/specs.git:
    - AFNetworking
    - DateTools
    - EDSunriseSet
    - FastImageCache
    - geopackage-ios
    - GoogleSignIn
    - GoogleToolboxForMac
    - GTMSessionFetcher
    - HexColors
    - KTCenterFlowLayout
    - libPhoneNumber-iOS
    - MagicalRecord
    - mgrs
    - OCMock
    - OHHTTPStubs
    - proj4-ios
    - sf-ios
    - sf-proj-ios
    - sf-wkb-ios
    - SkyFloatingLabelTextField
    - SSZipArchive
    - tiff-ios
    - tuneup_js
    - UIImage-Categories
    - zxcvbn-ios

EXTERNAL SOURCES:
  mage-ios-sdk:
    :git: https://github.com/ngageoint/mage-ios-sdk.git
    :tag: 3.0.4

CHECKOUT OPTIONS:
  mage-ios-sdk:
    :git: https://github.com/ngageoint/mage-ios-sdk.git
    :tag: 3.0.4

SPEC CHECKSUMS:
  AFNetworking: b6f891fdfaed196b46c7a83cf209e09697b94057
  DateTools: 933ac9c490f21f92127cf690ccd8c397e0126caf
  EDSunriseSet: bdc4760f496c8e6f9b9a727ffa645b6048aa2a09
  FastImageCache: 2e7a6f677b15336eb3d1a4092a494676256c891d
  geopackage-ios: 667ea05113a5b66744354451cbf4f2842e5eed4d
  GoogleSignIn: 7ff245e1a7b26d379099d3243a562f5747e23d39
  GoogleToolboxForMac: b3553629623a3b1bff17f555e736cd5a6d95ad55
  GTMSessionFetcher: 61bb0f61a4cb560030f1222021178008a5727a23
  HexColors: abfd172e329dab59888614ccba6f216cec59289d
  KTCenterFlowLayout: 6e02b50ab2bd865025ae82fe266ed13b6d9eaf97
  libPhoneNumber-iOS: 0a32a9525cf8744fe02c5206eb30d571e38f7d75
  mage-ios-sdk: 033f681085df0eb9f152e702e7f3be94a83e2431
  MagicalRecord: 53bed74b4323b930992a725be713e53b37d19755
  mgrs: c4b57f8c27ee1f4939be117f4a683e680c127326
  OCMock: 43565190abc78977ad44a61c0d20d7f0784d35ab
  OHHTTPStubs: 9cbce6364bec557cc3439aa6bb7514670d780881
  proj4-ios: fa2f3ab9ba9ba727bd10bc12aea735d0c3927ef4
  sf-ios: d7a88eab499349912ccb1d1dead9d1114198ca28
  sf-proj-ios: d74216669b2605b5460113baaeba59a97c1d83d6
  sf-wkb-ios: f3a379830ec2ef5aadfe7f0199efe0e7dd0b332d
  SkyFloatingLabelTextField: 38164979b79512f9ff9288ad8acfc4bbf5d843e3
  SSZipArchive: fa16b8cc4cdeceb698e5e5d9f67e9558532fbf23
  tiff-ios: f8a47e6aa20fc0d5833041ba5e39b1ab6e187f2e
  tuneup_js: bb9bd3060b8a115501bdf2b668f6497a806d5df3
  UIImage-Categories: 5103b772ae91894f4d650eb696b006f4a2487ec3
  zxcvbn-ios: fef98b7c80f1512ff0eec47ac1fa399fc00f7e3c

PODFILE CHECKSUM: f491356f6e002afdebe589a45ff2942d94bef43f

COCOAPODS: 1.5.3
