<?xml version="1.0" encoding="UTF-8"?>
<Scheme
   LastUpgradeVersion = "1250"
   version = "1.7">
   <BuildAction
      parallelizeBuildables = "YES"
      buildImplicitDependencies = "YES">
      <BuildActionEntries>
         <BuildActionEntry
            buildForTesting = "YES"
            buildForRunning = "YES"
            buildForProfiling = "YES"
            buildForArchiving = "YES"
            buildForAnalyzing = "YES">
            <BuildableReference
               BuildableIdentifier = "primary"
               BlueprintIdentifier = "F7A94D6518AD9CB000CB9EE0"
               BuildableName = "MAGE.app"
               BlueprintName = "MAGE"
               ReferencedContainer = "container:MAGE.xcodeproj">
            </BuildableReference>
         </BuildActionEntry>
      </BuildActionEntries>
   </BuildAction>
   <TestAction
      buildConfiguration = "Debug"
      selectedDebuggerIdentifier = "Xcode.DebuggerFoundation.Debugger.LLDB"
      selectedLauncherIdentifier = "Xcode.DebuggerFoundation.Launcher.LLDB"
      shouldUseLaunchSchemeArgsEnv = "YES"
      codeCoverageEnabled = "YES"
      onlyGenerateCoverageForSpecifiedTargets = "YES">
      <MacroExpansion>
         <BuildableReference
            BuildableIdentifier = "primary"
            BlueprintIdentifier = "F7A94D6518AD9CB000CB9EE0"
            BuildableName = "MAGE.app"
            BlueprintName = "MAGE"
            ReferencedContainer = "container:MAGE.xcodeproj">
         </BuildableReference>
      </MacroExpansion>
      <CodeCoverageTargets>
         <BuildableReference
            BuildableIdentifier = "primary"
            BlueprintIdentifier = "F7A94D6518AD9CB000CB9EE0"
            BuildableName = "MAGE.app"
            BlueprintName = "MAGE"
            ReferencedContainer = "container:MAGE.xcodeproj">
         </BuildableReference>
      </CodeCoverageTargets>
      <Testables>
         <TestableReference
            skipped = "NO"
            parallelizable = "NO">
            <BuildableReference
               BuildableIdentifier = "primary"
               BlueprintIdentifier = "F7ED5D2320052161007BD768"
               BuildableName = "MAGETests.xctest"
               BlueprintName = "MAGETests"
               ReferencedContainer = "container:MAGE.xcodeproj">
            </BuildableReference>
            <SkippedTests>
               <Test
                  Identifier = "AttachmentPushServiceTests">
               </Test>
               <Test
                  Identifier = "AuthenticationTests/testLoginFailWithRegisteredDevice()">
               </Test>
               <Test
                  Identifier = "AuthenticationTests/testLoginFailed()">
               </Test>
               <Test
                  Identifier = "AuthenticationTests/testLoginServerIncompatible()">
               </Test>
               <Test
                  Identifier = "AuthenticationTests/testLoginWithInactiveUser()">
               </Test>
               <Test
                  Identifier = "AuthenticationTests/testLoginWithInvalidPassword()">
               </Test>
               <Test
                  Identifier = "AuthenticationTests/testLoginWithInvalidToken()">
               </Test>
               <Test
                  Identifier = "AuthenticationTests/testLoginWithInvalidTokenExpirationDate()">
               </Test>
               <Test
                  Identifier = "AuthenticationTests/testLoginWithInvalidUsername()">
               </Test>
               <Test
                  Identifier = "AuthenticationTests/testLoginWithNoConnection()">
               </Test>
               <Test
                  Identifier = "AuthenticationTests/testLoginWithNoConnectionForToken()">
               </Test>
               <Test
                  Identifier = "AuthenticationTests/testLoginWithOtherErrorForToken()">
               </Test>
               <Test
                  Identifier = "AuthenticationTests/testLoginWithRegisteredDevice()">
               </Test>
               <Test
                  Identifier = "AuthenticationTests/testLoginWithRegisteredDeviceAndRandomToken_original()">
               </Test>
               <Test
                  Identifier = "AuthenticationTests/testLoginWithUpdatedUser()">
               </Test>
               <Test
                  Identifier = "AuthenticationTests/testRegisterDevice()">
               </Test>
               <Test
                  Identifier = "BottomSheetRepositoryTests">
               </Test>
               <Test
                  Identifier = "CacheOverlaysTests">
               </Test>
               <Test
                  Identifier = "CanCreateObservationTests">
               </Test>
               <Test
                  Identifier = "CanReportLocationTestsUserInEvent">
               </Test>
               <Test
                  Identifier = "CanReportLocationTestsUserNotInEvent">
               </Test>
               <Test
                  Identifier = "CheckboxFieldViewTests">
               </Test>
               <Test
                  Identifier = "CommonFieldsViewTests">
               </Test>
               <Test
                  Identifier = "DataConnectionUtilitiesTests">
               </Test>
               <Test
                  Identifier = "DateViewTests">
               </Test>
               <Test
                  Identifier = "DeviceUUIDTests">
               </Test>
               <Test
                  Identifier = "DisconnectedLogin">
               </Test>
               <Test
                  Identifier = "DropdownFieldViewTests">
               </Test>
               <Test
                  Identifier = "EventChooserControllerTests">
               </Test>
               <Test
                  Identifier = "EventChooserCoordinatorTests">
               </Test>
               <Test
                  Identifier = "EventRepositoryTests">
               </Test>
               <Test
                  Identifier = "ExpandableCardTests">
               </Test>
               <Test
                  Identifier = "FeedItemRetrieverTests">
               </Test>
               <Test
                  Identifier = "FeedItemViewViewControllerNoTimestampTests">
               </Test>
               <Test
                  Identifier = "FeedItemViewViewControllerWithTimestampTests">
               </Test>
               <Test
                  Identifier = "FeedItemsViewControllerNoTimestampTests">
               </Test>
               <Test
                  Identifier = "FeedItemsViewControllerWithTimestampTests">
               </Test>
               <Test
                  Identifier = "FeedServiceTests">
               </Test>
               <Test
                  Identifier = "FeedTests">
               </Test>
               <Test
                  Identifier = "FeedsMapTests">
               </Test>
               <Test
                  Identifier = "FollowUserTests">
               </Test>
               <Test
                  Identifier = "FormPickerTests">
               </Test>
               <Test
                  Identifier = "FormTests">
               </Test>
               <Test
                  Identifier = "GeometryDeserializerTests">
               </Test>
               <Test
                  Identifier = "GeometryEditViewControllerTests">
               </Test>
               <Test
                  Identifier = "GeometrySerializerTests">
               </Test>
               <Test
                  Identifier = "GeometryViewTests">
               </Test>
               <Test
                  Identifier = "HasMapSettingsTests">
               </Test>
               <Test
                  Identifier = "ImageCacheTests">
               </Test>
               <Test
                  Identifier = "KIFMageCoreDataTestCase">
               </Test>
               <Test
                  Identifier = "KIFMageInjectionTestCase">
               </Test>
               <Test
                  Identifier = "KIFSpec">
               </Test>
               <Test
                  Identifier = "LayerTests">
               </Test>
               <Test
                  Identifier = "LocalLoginViewTests">
               </Test>
               <Test
                  Identifier = "LocationCoreDataDataSourceTests">
               </Test>
               <Test
                  Identifier = "LocationFetchServiceTests">
               </Test>
               <Test
                  Identifier = "LocationRepositoryTests">
               </Test>
               <Test
                  Identifier = "LocationUtilitiesTests">
               </Test>
               <Test
                  Identifier = "MageCoreDataTestCase">
               </Test>
               <Test
                  Identifier = "MageInjectionTestCase">
               </Test>
               <Test
                  Identifier = "MageServerTestsSwift">
               </Test>
               <Test
                  Identifier = "MageServiceTests">
               </Test>
               <Test
                  Identifier = "MageTests">
               </Test>
               <Test
                  Identifier = "MapDirectionsTests">
               </Test>
               <Test
                  Identifier = "MultiDropdownFieldViewTests">
               </Test>
               <Test
                  Identifier = "NetworkSyncOptionTetsts">
               </Test>
               <Test
                  Identifier = "NumberFieldViewTests">
               </Test>
               <Test
                  Identifier = "ObservationAnnotationTests">
               </Test>
               <Test
                  Identifier = "ObservationBottomSheetTests">
               </Test>
               <Test
                  Identifier = "ObservationCoreDataDataSourceTests">
               </Test>
               <Test
                  Identifier = "ObservationCoreDataSourceTests">
               </Test>
               <Test
                  Identifier = "ObservationEditCardCollectionViewControllerTests">
               </Test>
               <Test
                  Identifier = "ObservationEditCoordinatorTests">
               </Test>
               <Test
                  Identifier = "ObservationFetchServiceTests">
               </Test>
               <Test
                  Identifier = "ObservationFormReorderTests">
               </Test>
               <Test
                  Identifier = "ObservationFormViewTests">
               </Test>
               <Test
                  Identifier = "ObservationHeaderViewTests">
               </Test>
               <Test
                  Identifier = "ObservationImageRepositoryTests">
               </Test>
               <Test
                  Identifier = "ObservationModelTests">
               </Test>
               <Test
                  Identifier = "ObservationPushServiceTests">
               </Test>
               <Test
                  Identifier = "ObservationRepositoryTests">
               </Test>
               <Test
                  Identifier = "ObservationSyncStatusTests">
               </Test>
               <Test
                  Identifier = "ObservationTileRepositoryTests">
               </Test>
               <Test
                  Identifier = "ObservationToObservationPolicyTests">
               </Test>
               <Test
                  Identifier = "ObservationTransformationTests">
               </Test>
               <Test
                  Identifier = "ObservationViewCardCollectionViewControllerTests">
               </Test>
               <Test
                  Identifier = "ObservationViewViewModelTests">
               </Test>
               <Test
                  Identifier = "OnlineLayerMapTests">
               </Test>
               <Test
                  Identifier = "PersistedMapStateTests">
               </Test>
               <Test
                  Identifier = "Prepare">
               </Test>
               <Test
                  Identifier = "RadioFieldViewTests">
               </Test>
               <Test
                  Identifier = "SFGeometryMapTests">
               </Test>
               <Test
                  Identifier = "ServerAuthenticationTests">
               </Test>
               <Test
                  Identifier = "SingleObservationMapTests">
               </Test>
               <Test
                  Identifier = "StaticLayerMapTests">
               </Test>
               <Test
                  Identifier = "StoredPasswordTests">
               </Test>
               <Test
                  Identifier = "StraightLineNavigationViewTests">
               </Test>
               <Test
                  Identifier = "TextFieldMultiLineViewTests">
               </Test>
               <Test
                  Identifier = "TextFieldViewTests">
               </Test>
               <Test
                  Identifier = "UserCoreDataDataSourceTests">
               </Test>
               <Test
                  Identifier = "UserHeadingDisplayTests">
               </Test>
               <Test
                  Identifier = "UserRemoteDataSourceTests">
               </Test>
               <Test
                  Identifier = "UserRepositoryTests">
               </Test>
               <Test
                  Identifier = "UserTrackingMapTests">
               </Test>
               <Test
                  Identifier = "UserUtilityTests">
               </Test>
               <Test
                  Identifier = "UserViewControllerTests">
               </Test>
            </SkippedTests>
         </TestableReference>
         <TestableReference
            skipped = "YES"
            parallelizable = "NO">
            <BuildableReference
               BuildableIdentifier = "primary"
               BlueprintIdentifier = "F7C183A72CD2E13400BA7DCD"
               BuildableName = "MAGEGeoPackageTests.xctest"
               BlueprintName = "MAGEGeoPackageTests"
               ReferencedContainer = "container:MAGE.xcodeproj">
            </BuildableReference>
         </TestableReference>
      </Testables>
   </TestAction>
   <LaunchAction
      buildConfiguration = "Debug"
      selectedDebuggerIdentifier = "Xcode.DebuggerFoundation.Debugger.LLDB"
      selectedLauncherIdentifier = "Xcode.DebuggerFoundation.Launcher.LLDB"
      enableASanStackUseAfterReturn = "YES"
      launchStyle = "0"
      useCustomWorkingDirectory = "NO"
      ignoresPersistentStateOnLaunch = "NO"
      debugDocumentVersioning = "YES"
      debugServiceExtension = "internal"
      allowLocationSimulation = "YES"
      queueDebuggingEnabled = "No">
      <BuildableProductRunnable
         runnableDebuggingMode = "0">
         <BuildableReference
            BuildableIdentifier = "primary"
            BlueprintIdentifier = "F7A94D6518AD9CB000CB9EE0"
            BuildableName = "MAGE.app"
            BlueprintName = "MAGE"
            ReferencedContainer = "container:MAGE.xcodeproj">
         </BuildableReference>
      </BuildableProductRunnable>
      <EnvironmentVariables>
         <EnvironmentVariable
            key = "OS_ACTIVITY_MODE"
            value = "enable"
            isEnabled = "YES">
         </EnvironmentVariable>
         <EnvironmentVariable
            key = "CFNETWORK_DIAGNOSTICS"
            value = "3"
            isEnabled = "YES">
         </EnvironmentVariable>
      </EnvironmentVariables>
      <LocationScenarioReference
         identifier = "com.apple.dt.IDEFoundation.CurrentLocationScenarioIdentifier"
         referenceType = "1">
      </LocationScenarioReference>
   </LaunchAction>
   <ProfileAction
      buildConfiguration = "Release"
      shouldUseLaunchSchemeArgsEnv = "YES"
      savedToolIdentifier = ""
      useCustomWorkingDirectory = "NO"
      debugDocumentVersioning = "YES">
      <BuildableProductRunnable
         runnableDebuggingMode = "0">
         <BuildableReference
            BuildableIdentifier = "primary"
            BlueprintIdentifier = "F7A94D6518AD9CB000CB9EE0"
            BuildableName = "MAGE.app"
            BlueprintName = "MAGE"
            ReferencedContainer = "container:MAGE.xcodeproj">
         </BuildableReference>
      </BuildableProductRunnable>
   </ProfileAction>
   <AnalyzeAction
      buildConfiguration = "Debug">
   </AnalyzeAction>
   <ArchiveAction
      buildConfiguration = "Release"
      revealArchiveInOrganizer = "YES">
   </ArchiveAction>
</Scheme>
