// !$*UTF8*$!
{
	archiveVersion = 1;
	classes = {
	};
	objectVersion = 46;
	objects = {

/* Begin PBXBuildFile section */
		4C2A38E919744FBC00E7470A /* PeopleTableViewController.m in Sources */ = {isa = PBXBuildFile; fileRef = 4C2A38E819744FBC00E7470A /* PeopleTableViewController.m */; };
		4C2A38EC19745BF900E7470A /* PersonTableViewCell.m in Sources */ = {isa = PBXBuildFile; fileRef = 4C2A38EB19745BF900E7470A /* PersonTableViewCell.m */; };
		4C2A38F01974803700E7470A /* PersonImage.m in Sources */ = {isa = PBXBuildFile; fileRef = 4C2A38EF1974803700E7470A /* PersonImage.m */; };
		4C390F3F1978376B00AB3CCB /* PersonViewController.m in Sources */ = {isa = PBXBuildFile; fileRef = 4C390F3E1978376B00AB3CCB /* PersonViewController.m */; };
		4C3A806118B6F67B00B1BA12 /* Main_iPhone.storyboard in Resources */ = {isa = PBXBuildFile; fileRef = 4C3A805D18B6F67B00B1BA12 /* Main_iPhone.storyboard */; };
		4C3A806218B6F67B00B1BA12 /* Main_iPad.storyboard in Resources */ = {isa = PBXBuildFile; fileRef = 4C3A805F18B6F67B00B1BA12 /* Main_iPad.storyboard */; };
		4C546FEC195A27F4000CF230 /* LocationAnnotation.m in Sources */ = {isa = PBXBuildFile; fileRef = 4C546FEB195A27F4000CF230 /* LocationAnnotation.m */; };
		4C790F7619704DE300886E58 /* MageNavigationController.m in Sources */ = {isa = PBXBuildFile; fileRef = 4C790F7519704DE300886E58 /* MageNavigationController.m */; };
		4C790F7919742CEC00886E58 /* DisclaimerNavigationController.m in Sources */ = {isa = PBXBuildFile; fileRef = 4C790F7819742CEC00886E58 /* DisclaimerNavigationController.m */; };
		52F2298FB4B240518C6F9ECE /* libPods.a in Frameworks */ = {isa = PBXBuildFile; fileRef = C8A622B3962D4C72B0951A4A /* libPods.a */; };
		F70E6EEA197815B4002D66F6 /* ObservationTableViewCell.m in Sources */ = {isa = PBXBuildFile; fileRef = F70E6EE9197815B4002D66F6 /* ObservationTableViewCell.m */; };
		F70E6EED19781D37002D66F6 /* ObservationImage.m in Sources */ = {isa = PBXBuildFile; fileRef = F70E6EEC19781D37002D66F6 /* ObservationImage.m */; };
		F721B3661913E61B00F1CAB4 /* ValuePickerTableViewController.m in Sources */ = {isa = PBXBuildFile; fileRef = F721B3651913E61B00F1CAB4 /* ValuePickerTableViewController.m */; };
		F721B3691913E6E000F1CAB4 /* ValueTableViewCell.m in Sources */ = {isa = PBXBuildFile; fileRef = F721B3681913E6E000F1CAB4 /* ValueTableViewCell.m */; };
		F725A9CC195CB819002A699C /* ObservationAnnotation.m in Sources */ = {isa = PBXBuildFile; fileRef = F725A9CB195CB819002A699C /* ObservationAnnotation.m */; };
		F7531EE2190FEE5D00CA084C /* MageNavigationMenuViewController.m in Sources */ = {isa = PBXBuildFile; fileRef = F7531EE1190FEE5D00CA084C /* MageNavigationMenuViewController.m */; };
		F7531EFA19100E7D00CA084C /* MapViewController.m in Sources */ = {isa = PBXBuildFile; fileRef = F7531EF919100E7D00CA084C /* MapViewController.m */; };
		F7531EFD191010A600CA084C /* ObservationViewController.m in Sources */ = {isa = PBXBuildFile; fileRef = F7531EFC191010A600CA084C /* ObservationViewController.m */; };
		F7531F001910131C00CA084C /* ObservationViewerViewController.m in Sources */ = {isa = PBXBuildFile; fileRef = F7531EFF1910131C00CA084C /* ObservationViewerViewController.m */; };
		F783AD3518B812AC00BCED14 /* SettingsViewController.m in Sources */ = {isa = PBXBuildFile; fileRef = F783AD3418B812AC00BCED14 /* SettingsViewController.m */; };
		F788005E191166B4007E909B /* LocationServicesSettingsTableViewController.m in Sources */ = {isa = PBXBuildFile; fileRef = F788005D191166B4007E909B /* LocationServicesSettingsTableViewController.m */; };
		F7994AB7190EF7BD00A90A1D /* MageRootViewController.m in Sources */ = {isa = PBXBuildFile; fileRef = F7994AB6190EF7BD00A90A1D /* MageRootViewController.m */; };
		F7A94D6A18AD9CB000CB9EE0 /* Foundation.framework in Frameworks */ = {isa = PBXBuildFile; fileRef = F7A94D6918AD9CB000CB9EE0 /* Foundation.framework */; };
		F7A94D6C18AD9CB000CB9EE0 /* CoreGraphics.framework in Frameworks */ = {isa = PBXBuildFile; fileRef = F7A94D6B18AD9CB000CB9EE0 /* CoreGraphics.framework */; };
		F7A94D6E18AD9CB000CB9EE0 /* UIKit.framework in Frameworks */ = {isa = PBXBuildFile; fileRef = F7A94D6D18AD9CB000CB9EE0 /* UIKit.framework */; };
		F7A94D7018AD9CB000CB9EE0 /* CoreData.framework in Frameworks */ = {isa = PBXBuildFile; fileRef = F7A94D6F18AD9CB000CB9EE0 /* CoreData.framework */; };
		F7A94D7618AD9CB000CB9EE0 /* InfoPlist.strings in Resources */ = {isa = PBXBuildFile; fileRef = F7A94D7418AD9CB000CB9EE0 /* InfoPlist.strings */; };
		F7A94D7818AD9CB000CB9EE0 /* main.m in Sources */ = {isa = PBXBuildFile; fileRef = F7A94D7718AD9CB000CB9EE0 /* main.m */; };
		F7A94D7C18AD9CB000CB9EE0 /* AppDelegate.m in Sources */ = {isa = PBXBuildFile; fileRef = F7A94D7B18AD9CB000CB9EE0 /* AppDelegate.m */; };
		F7A94D8118AD9CB000CB9EE0 /* Images.xcassets in Resources */ = {isa = PBXBuildFile; fileRef = F7A94D8018AD9CB000CB9EE0 /* Images.xcassets */; };
		F7A94D8818AD9CB000CB9EE0 /* XCTest.framework in Frameworks */ = {isa = PBXBuildFile; fileRef = F7A94D8718AD9CB000CB9EE0 /* XCTest.framework */; };
		F7A94D8918AD9CB000CB9EE0 /* Foundation.framework in Frameworks */ = {isa = PBXBuildFile; fileRef = F7A94D6918AD9CB000CB9EE0 /* Foundation.framework */; };
		F7A94D8A18AD9CB000CB9EE0 /* UIKit.framework in Frameworks */ = {isa = PBXBuildFile; fileRef = F7A94D6D18AD9CB000CB9EE0 /* UIKit.framework */; };
		F7A94D8B18AD9CB000CB9EE0 /* CoreData.framework in Frameworks */ = {isa = PBXBuildFile; fileRef = F7A94D6F18AD9CB000CB9EE0 /* CoreData.framework */; };
		F7A94D9318AD9CB000CB9EE0 /* InfoPlist.strings in Resources */ = {isa = PBXBuildFile; fileRef = F7A94D9118AD9CB000CB9EE0 /* InfoPlist.strings */; };
		F7A94D9518AD9CB000CB9EE0 /* MageTests.m in Sources */ = {isa = PBXBuildFile; fileRef = F7A94D9418AD9CB000CB9EE0 /* MageTests.m */; };
		F7A94DA118ADBD5400CB9EE0 /* MapKit.framework in Frameworks */ = {isa = PBXBuildFile; fileRef = F7A94DA018ADBD5400CB9EE0 /* MapKit.framework */; };
		F7A94DAB18B5100B00CB9EE0 /* QuartzCore.framework in Frameworks */ = {isa = PBXBuildFile; fileRef = F7A94DAA18B5100B00CB9EE0 /* QuartzCore.framework */; };
		F7A94DB018B54B2000CB9EE0 /* LoginViewController.m in Sources */ = {isa = PBXBuildFile; fileRef = F7A94DAF18B54B2000CB9EE0 /* LoginViewController.m */; };
		F7A94DB218B55E6D00CB9EE0 /* Media.xcassets in Resources */ = {isa = PBXBuildFile; fileRef = F7A94DB118B55E6D00CB9EE0 /* Media.xcassets */; };
		F7BFF8CC1975C4F1004E42E2 /* MageInitialViewController.m in Sources */ = {isa = PBXBuildFile; fileRef = F7BFF8CB1975C4F1004E42E2 /* MageInitialViewController.m */; };
		F7DEF91B191293C20026B9D0 /* DataFetchSettingsTableViewController.m in Sources */ = {isa = PBXBuildFile; fileRef = F7DEF91A191293C20026B9D0 /* DataFetchSettingsTableViewController.m */; };
		F7DEF91D1912A6940026B9D0 /* preferences.plist in Resources */ = {isa = PBXBuildFile; fileRef = F7DEF91C1912A6940026B9D0 /* preferences.plist */; };
		F7F840EB1910151E0009C493 /* MageFilterMenuViewController.m in Sources */ = {isa = PBXBuildFile; fileRef = F7F840EA1910151E0009C493 /* MageFilterMenuViewController.m */; };
/* End PBXBuildFile section */

/* Begin PBXContainerItemProxy section */
		F7A94D8C18AD9CB000CB9EE0 /* PBXContainerItemProxy */ = {
			isa = PBXContainerItemProxy;
			containerPortal = F7A94D5E18AD9CAF00CB9EE0 /* Project object */;
			proxyType = 1;
			remoteGlobalIDString = F7A94D6518AD9CB000CB9EE0;
			remoteInfo = Mage;
		};
/* End PBXContainerItemProxy section */

/* Begin PBXFileReference section */
		4C2A38E719744FBC00E7470A /* PeopleTableViewController.h */ = {isa = PBXFileReference; fileEncoding = 4; lastKnownFileType = sourcecode.c.h; path = PeopleTableViewController.h; sourceTree = "<group>"; };
		4C2A38E819744FBC00E7470A /* PeopleTableViewController.m */ = {isa = PBXFileReference; fileEncoding = 4; lastKnownFileType = sourcecode.c.objc; path = PeopleTableViewController.m; sourceTree = "<group>"; };
		4C2A38EA19745BF900E7470A /* PersonTableViewCell.h */ = {isa = PBXFileReference; fileEncoding = 4; lastKnownFileType = sourcecode.c.h; path = PersonTableViewCell.h; sourceTree = "<group>"; };
		4C2A38EB19745BF900E7470A /* PersonTableViewCell.m */ = {isa = PBXFileReference; fileEncoding = 4; lastKnownFileType = sourcecode.c.objc; path = PersonTableViewCell.m; sourceTree = "<group>"; };
		4C2A38EE1974803700E7470A /* PersonImage.h */ = {isa = PBXFileReference; fileEncoding = 4; lastKnownFileType = sourcecode.c.h; path = PersonImage.h; sourceTree = "<group>"; };
		4C2A38EF1974803700E7470A /* PersonImage.m */ = {isa = PBXFileReference; fileEncoding = 4; lastKnownFileType = sourcecode.c.objc; path = PersonImage.m; sourceTree = "<group>"; };
		4C390F3D1978376B00AB3CCB /* PersonViewController.h */ = {isa = PBXFileReference; fileEncoding = 4; lastKnownFileType = sourcecode.c.h; path = PersonViewController.h; sourceTree = "<group>"; };
		4C390F3E1978376B00AB3CCB /* PersonViewController.m */ = {isa = PBXFileReference; fileEncoding = 4; lastKnownFileType = sourcecode.c.objc; path = PersonViewController.m; sourceTree = "<group>"; };
		4C3A805E18B6F67B00B1BA12 /* Base */ = {isa = PBXFileReference; lastKnownFileType = file.storyboard; name = Base; path = Base.lproj/Main_iPhone.storyboard; sourceTree = "<group>"; };
		4C3A806018B6F67B00B1BA12 /* Base */ = {isa = PBXFileReference; lastKnownFileType = file.storyboard; name = Base; path = Base.lproj/Main_iPad.storyboard; sourceTree = "<group>"; };
		4C546FEA195A27F4000CF230 /* LocationAnnotation.h */ = {isa = PBXFileReference; fileEncoding = 4; lastKnownFileType = sourcecode.c.h; path = LocationAnnotation.h; sourceTree = "<group>"; };
		4C546FEB195A27F4000CF230 /* LocationAnnotation.m */ = {isa = PBXFileReference; fileEncoding = 4; lastKnownFileType = sourcecode.c.objc; path = LocationAnnotation.m; sourceTree = "<group>"; };
		4C790F7419704DE300886E58 /* MageNavigationController.h */ = {isa = PBXFileReference; fileEncoding = 4; lastKnownFileType = sourcecode.c.h; path = MageNavigationController.h; sourceTree = "<group>"; };
		4C790F7519704DE300886E58 /* MageNavigationController.m */ = {isa = PBXFileReference; fileEncoding = 4; lastKnownFileType = sourcecode.c.objc; path = MageNavigationController.m; sourceTree = "<group>"; };
		4C790F7719742CEC00886E58 /* DisclaimerNavigationController.h */ = {isa = PBXFileReference; fileEncoding = 4; lastKnownFileType = sourcecode.c.h; path = DisclaimerNavigationController.h; sourceTree = "<group>"; };
		4C790F7819742CEC00886E58 /* DisclaimerNavigationController.m */ = {isa = PBXFileReference; fileEncoding = 4; lastKnownFileType = sourcecode.c.objc; path = DisclaimerNavigationController.m; sourceTree = "<group>"; };
		7E2901AEF10B4754A517226F /* Pods.xcconfig */ = {isa = PBXFileReference; includeInIndex = 1; lastKnownFileType = text.xcconfig; name = Pods.xcconfig; path = Pods/Pods.xcconfig; sourceTree = "<group>"; };
		C8A622B3962D4C72B0951A4A /* libPods.a */ = {isa = PBXFileReference; explicitFileType = archive.ar; includeInIndex = 0; path = libPods.a; sourceTree = BUILT_PRODUCTS_DIR; };
		F70E6EE8197815B4002D66F6 /* ObservationTableViewCell.h */ = {isa = PBXFileReference; fileEncoding = 4; lastKnownFileType = sourcecode.c.h; path = ObservationTableViewCell.h; sourceTree = "<group>"; };
		F70E6EE9197815B4002D66F6 /* ObservationTableViewCell.m */ = {isa = PBXFileReference; fileEncoding = 4; lastKnownFileType = sourcecode.c.objc; path = ObservationTableViewCell.m; sourceTree = "<group>"; };
		F70E6EEB19781D37002D66F6 /* ObservationImage.h */ = {isa = PBXFileReference; fileEncoding = 4; lastKnownFileType = sourcecode.c.h; path = ObservationImage.h; sourceTree = "<group>"; };
		F70E6EEC19781D37002D66F6 /* ObservationImage.m */ = {isa = PBXFileReference; fileEncoding = 4; lastKnownFileType = sourcecode.c.objc; path = ObservationImage.m; sourceTree = "<group>"; };
		F721B3641913E61B00F1CAB4 /* ValuePickerTableViewController.h */ = {isa = PBXFileReference; fileEncoding = 4; lastKnownFileType = sourcecode.c.h; path = ValuePickerTableViewController.h; sourceTree = "<group>"; };
		F721B3651913E61B00F1CAB4 /* ValuePickerTableViewController.m */ = {isa = PBXFileReference; fileEncoding = 4; lastKnownFileType = sourcecode.c.objc; path = ValuePickerTableViewController.m; sourceTree = "<group>"; };
		F721B3671913E6E000F1CAB4 /* ValueTableViewCell.h */ = {isa = PBXFileReference; fileEncoding = 4; lastKnownFileType = sourcecode.c.h; path = ValueTableViewCell.h; sourceTree = "<group>"; };
		F721B3681913E6E000F1CAB4 /* ValueTableViewCell.m */ = {isa = PBXFileReference; fileEncoding = 4; lastKnownFileType = sourcecode.c.objc; path = ValueTableViewCell.m; sourceTree = "<group>"; };
		F725A9CA195CB819002A699C /* ObservationAnnotation.h */ = {isa = PBXFileReference; fileEncoding = 4; lastKnownFileType = sourcecode.c.h; path = ObservationAnnotation.h; sourceTree = "<group>"; };
		F725A9CB195CB819002A699C /* ObservationAnnotation.m */ = {isa = PBXFileReference; fileEncoding = 4; lastKnownFileType = sourcecode.c.objc; path = ObservationAnnotation.m; sourceTree = "<group>"; };
		F7531EE0190FEE5D00CA084C /* MageNavigationMenuViewController.h */ = {isa = PBXFileReference; fileEncoding = 4; lastKnownFileType = sourcecode.c.h; path = MageNavigationMenuViewController.h; sourceTree = "<group>"; };
		F7531EE1190FEE5D00CA084C /* MageNavigationMenuViewController.m */ = {isa = PBXFileReference; fileEncoding = 4; lastKnownFileType = sourcecode.c.objc; path = MageNavigationMenuViewController.m; sourceTree = "<group>"; };
		F7531EF819100E7D00CA084C /* MapViewController.h */ = {isa = PBXFileReference; fileEncoding = 4; lastKnownFileType = sourcecode.c.h; path = MapViewController.h; sourceTree = "<group>"; };
		F7531EF919100E7D00CA084C /* MapViewController.m */ = {isa = PBXFileReference; fileEncoding = 4; lastKnownFileType = sourcecode.c.objc; path = MapViewController.m; sourceTree = "<group>"; };
		F7531EFB191010A600CA084C /* ObservationViewController.h */ = {isa = PBXFileReference; fileEncoding = 4; lastKnownFileType = sourcecode.c.h; path = ObservationViewController.h; sourceTree = "<group>"; };
		F7531EFC191010A600CA084C /* ObservationViewController.m */ = {isa = PBXFileReference; fileEncoding = 4; lastKnownFileType = sourcecode.c.objc; path = ObservationViewController.m; sourceTree = "<group>"; };
		F7531EFE1910131C00CA084C /* ObservationViewerViewController.h */ = {isa = PBXFileReference; fileEncoding = 4; lastKnownFileType = sourcecode.c.h; path = ObservationViewerViewController.h; sourceTree = "<group>"; };
		F7531EFF1910131C00CA084C /* ObservationViewerViewController.m */ = {isa = PBXFileReference; fileEncoding = 4; lastKnownFileType = sourcecode.c.objc; path = ObservationViewerViewController.m; sourceTree = "<group>"; };
		F783AD3318B812AC00BCED14 /* SettingsViewController.h */ = {isa = PBXFileReference; fileEncoding = 4; lastKnownFileType = sourcecode.c.h; path = SettingsViewController.h; sourceTree = "<group>"; };
		F783AD3418B812AC00BCED14 /* SettingsViewController.m */ = {isa = PBXFileReference; fileEncoding = 4; lastKnownFileType = sourcecode.c.objc; path = SettingsViewController.m; sourceTree = "<group>"; };
		F788005C191166B4007E909B /* LocationServicesSettingsTableViewController.h */ = {isa = PBXFileReference; fileEncoding = 4; lastKnownFileType = sourcecode.c.h; path = LocationServicesSettingsTableViewController.h; sourceTree = "<group>"; };
		F788005D191166B4007E909B /* LocationServicesSettingsTableViewController.m */ = {isa = PBXFileReference; fileEncoding = 4; lastKnownFileType = sourcecode.c.objc; path = LocationServicesSettingsTableViewController.m; sourceTree = "<group>"; };
		F7994AB5190EF7BD00A90A1D /* MageRootViewController.h */ = {isa = PBXFileReference; fileEncoding = 4; lastKnownFileType = sourcecode.c.h; path = MageRootViewController.h; sourceTree = "<group>"; };
		F7994AB6190EF7BD00A90A1D /* MageRootViewController.m */ = {isa = PBXFileReference; fileEncoding = 4; lastKnownFileType = sourcecode.c.objc; path = MageRootViewController.m; sourceTree = "<group>"; };
		F7A94D6618AD9CB000CB9EE0 /* Mage.app */ = {isa = PBXFileReference; explicitFileType = wrapper.application; includeInIndex = 0; path = Mage.app; sourceTree = BUILT_PRODUCTS_DIR; };
		F7A94D6918AD9CB000CB9EE0 /* Foundation.framework */ = {isa = PBXFileReference; lastKnownFileType = wrapper.framework; name = Foundation.framework; path = System/Library/Frameworks/Foundation.framework; sourceTree = SDKROOT; };
		F7A94D6B18AD9CB000CB9EE0 /* CoreGraphics.framework */ = {isa = PBXFileReference; lastKnownFileType = wrapper.framework; name = CoreGraphics.framework; path = System/Library/Frameworks/CoreGraphics.framework; sourceTree = SDKROOT; };
		F7A94D6D18AD9CB000CB9EE0 /* UIKit.framework */ = {isa = PBXFileReference; lastKnownFileType = wrapper.framework; name = UIKit.framework; path = System/Library/Frameworks/UIKit.framework; sourceTree = SDKROOT; };
		F7A94D6F18AD9CB000CB9EE0 /* CoreData.framework */ = {isa = PBXFileReference; lastKnownFileType = wrapper.framework; name = CoreData.framework; path = System/Library/Frameworks/CoreData.framework; sourceTree = SDKROOT; };
		F7A94D7318AD9CB000CB9EE0 /* Mage-Info.plist */ = {isa = PBXFileReference; lastKnownFileType = text.plist.xml; path = "Mage-Info.plist"; sourceTree = "<group>"; };
		F7A94D7518AD9CB000CB9EE0 /* en */ = {isa = PBXFileReference; lastKnownFileType = text.plist.strings; name = en; path = en.lproj/InfoPlist.strings; sourceTree = "<group>"; };
		F7A94D7718AD9CB000CB9EE0 /* main.m */ = {isa = PBXFileReference; lastKnownFileType = sourcecode.c.objc; path = main.m; sourceTree = "<group>"; };
		F7A94D7918AD9CB000CB9EE0 /* Mage-Prefix.pch */ = {isa = PBXFileReference; lastKnownFileType = sourcecode.c.h; path = "Mage-Prefix.pch"; sourceTree = "<group>"; };
		F7A94D7A18AD9CB000CB9EE0 /* AppDelegate.h */ = {isa = PBXFileReference; lastKnownFileType = sourcecode.c.h; path = AppDelegate.h; sourceTree = "<group>"; };
		F7A94D7B18AD9CB000CB9EE0 /* AppDelegate.m */ = {isa = PBXFileReference; lastKnownFileType = sourcecode.c.objc; path = AppDelegate.m; sourceTree = "<group>"; };
		F7A94D8018AD9CB000CB9EE0 /* Images.xcassets */ = {isa = PBXFileReference; lastKnownFileType = folder.assetcatalog; path = Images.xcassets; sourceTree = "<group>"; };
		F7A94D8618AD9CB000CB9EE0 /* MageTests.xctest */ = {isa = PBXFileReference; explicitFileType = wrapper.cfbundle; includeInIndex = 0; path = MageTests.xctest; sourceTree = BUILT_PRODUCTS_DIR; };
		F7A94D8718AD9CB000CB9EE0 /* XCTest.framework */ = {isa = PBXFileReference; lastKnownFileType = wrapper.framework; name = XCTest.framework; path = Library/Frameworks/XCTest.framework; sourceTree = DEVELOPER_DIR; };
		F7A94D9018AD9CB000CB9EE0 /* MageTests-Info.plist */ = {isa = PBXFileReference; lastKnownFileType = text.plist.xml; path = "MageTests-Info.plist"; sourceTree = "<group>"; };
		F7A94D9218AD9CB000CB9EE0 /* en */ = {isa = PBXFileReference; lastKnownFileType = text.plist.strings; name = en; path = en.lproj/InfoPlist.strings; sourceTree = "<group>"; };
		F7A94D9418AD9CB000CB9EE0 /* MageTests.m */ = {isa = PBXFileReference; lastKnownFileType = sourcecode.c.objc; path = MageTests.m; sourceTree = "<group>"; };
		F7A94DA018ADBD5400CB9EE0 /* MapKit.framework */ = {isa = PBXFileReference; lastKnownFileType = wrapper.framework; name = MapKit.framework; path = System/Library/Frameworks/MapKit.framework; sourceTree = SDKROOT; };
		F7A94DAA18B5100B00CB9EE0 /* QuartzCore.framework */ = {isa = PBXFileReference; lastKnownFileType = wrapper.framework; name = QuartzCore.framework; path = System/Library/Frameworks/QuartzCore.framework; sourceTree = SDKROOT; };
		F7A94DAC18B5196600CB9EE0 /* libPods-JVFloatLabeledTextField.a */ = {isa = PBXFileReference; lastKnownFileType = archive.ar; name = "libPods-JVFloatLabeledTextField.a"; path = "Pods/build/Debug-iphoneos/libPods-JVFloatLabeledTextField.a"; sourceTree = "<group>"; };
		F7A94DAE18B54B2000CB9EE0 /* LoginViewController.h */ = {isa = PBXFileReference; fileEncoding = 4; lastKnownFileType = sourcecode.c.h; path = LoginViewController.h; sourceTree = "<group>"; };
		F7A94DAF18B54B2000CB9EE0 /* LoginViewController.m */ = {isa = PBXFileReference; fileEncoding = 4; lastKnownFileType = sourcecode.c.objc; path = LoginViewController.m; sourceTree = "<group>"; };
		F7A94DB118B55E6D00CB9EE0 /* Media.xcassets */ = {isa = PBXFileReference; lastKnownFileType = folder.assetcatalog; path = Media.xcassets; sourceTree = "<group>"; };
		F7BFF8CA1975C4F1004E42E2 /* MageInitialViewController.h */ = {isa = PBXFileReference; fileEncoding = 4; lastKnownFileType = sourcecode.c.h; path = MageInitialViewController.h; sourceTree = "<group>"; };
		F7BFF8CB1975C4F1004E42E2 /* MageInitialViewController.m */ = {isa = PBXFileReference; fileEncoding = 4; lastKnownFileType = sourcecode.c.objc; path = MageInitialViewController.m; sourceTree = "<group>"; };
		F7DEF919191293C20026B9D0 /* DataFetchSettingsTableViewController.h */ = {isa = PBXFileReference; fileEncoding = 4; lastKnownFileType = sourcecode.c.h; path = DataFetchSettingsTableViewController.h; sourceTree = "<group>"; };
		F7DEF91A191293C20026B9D0 /* DataFetchSettingsTableViewController.m */ = {isa = PBXFileReference; fileEncoding = 4; lastKnownFileType = sourcecode.c.objc; path = DataFetchSettingsTableViewController.m; sourceTree = "<group>"; };
		F7DEF91C1912A6940026B9D0 /* preferences.plist */ = {isa = PBXFileReference; fileEncoding = 4; lastKnownFileType = text.plist.xml; path = preferences.plist; sourceTree = "<group>"; };
		F7F840E91910151E0009C493 /* MageFilterMenuViewController.h */ = {isa = PBXFileReference; fileEncoding = 4; lastKnownFileType = sourcecode.c.h; path = MageFilterMenuViewController.h; sourceTree = "<group>"; };
		F7F840EA1910151E0009C493 /* MageFilterMenuViewController.m */ = {isa = PBXFileReference; fileEncoding = 4; lastKnownFileType = sourcecode.c.objc; path = MageFilterMenuViewController.m; sourceTree = "<group>"; };
/* End PBXFileReference section */

/* Begin PBXFrameworksBuildPhase section */
		F7A94D6318AD9CB000CB9EE0 /* Frameworks */ = {
			isa = PBXFrameworksBuildPhase;
			buildActionMask = 2147483647;
			files = (
				F7A94DA118ADBD5400CB9EE0 /* MapKit.framework in Frameworks */,
				F7A94DAB18B5100B00CB9EE0 /* QuartzCore.framework in Frameworks */,
				F7A94D6C18AD9CB000CB9EE0 /* CoreGraphics.framework in Frameworks */,
				F7A94D7018AD9CB000CB9EE0 /* CoreData.framework in Frameworks */,
				F7A94D6E18AD9CB000CB9EE0 /* UIKit.framework in Frameworks */,
				F7A94D6A18AD9CB000CB9EE0 /* Foundation.framework in Frameworks */,
				52F2298FB4B240518C6F9ECE /* libPods.a in Frameworks */,
			);
			runOnlyForDeploymentPostprocessing = 0;
		};
		F7A94D8318AD9CB000CB9EE0 /* Frameworks */ = {
			isa = PBXFrameworksBuildPhase;
			buildActionMask = 2147483647;
			files = (
				F7A94D8818AD9CB000CB9EE0 /* XCTest.framework in Frameworks */,
				F7A94D8B18AD9CB000CB9EE0 /* CoreData.framework in Frameworks */,
				F7A94D8A18AD9CB000CB9EE0 /* UIKit.framework in Frameworks */,
				F7A94D8918AD9CB000CB9EE0 /* Foundation.framework in Frameworks */,
			);
			runOnlyForDeploymentPostprocessing = 0;
		};
/* End PBXFrameworksBuildPhase section */

/* Begin PBXGroup section */
		4C2A38ED19745C0D00E7470A /* People */ = {
			isa = PBXGroup;
			children = (
				4C2A38E719744FBC00E7470A /* PeopleTableViewController.h */,
				4C2A38E819744FBC00E7470A /* PeopleTableViewController.m */,
				4C2A38EA19745BF900E7470A /* PersonTableViewCell.h */,
				4C2A38EB19745BF900E7470A /* PersonTableViewCell.m */,
				4C2A38EE1974803700E7470A /* PersonImage.h */,
				4C2A38EF1974803700E7470A /* PersonImage.m */,
				4C390F3D1978376B00AB3CCB /* PersonViewController.h */,
				4C390F3E1978376B00AB3CCB /* PersonViewController.m */,
			);
			name = People;
			sourceTree = "<group>";
		};
		4C546FE9195A27D1000CF230 /* Map */ = {
			isa = PBXGroup;
			children = (
				F7531EF819100E7D00CA084C /* MapViewController.h */,
				F7531EF919100E7D00CA084C /* MapViewController.m */,
				4C546FEA195A27F4000CF230 /* LocationAnnotation.h */,
				4C546FEB195A27F4000CF230 /* LocationAnnotation.m */,
				F725A9CA195CB819002A699C /* ObservationAnnotation.h */,
				F725A9CB195CB819002A699C /* ObservationAnnotation.m */,
			);
			name = Map;
			sourceTree = "<group>";
		};
		F70E6EE719781585002D66F6 /* Observation */ = {
			isa = PBXGroup;
			children = (
				F7531EFB191010A600CA084C /* ObservationViewController.h */,
				F7531EFC191010A600CA084C /* ObservationViewController.m */,
				F70E6EE8197815B4002D66F6 /* ObservationTableViewCell.h */,
				F70E6EE9197815B4002D66F6 /* ObservationTableViewCell.m */,
				F70E6EEB19781D37002D66F6 /* ObservationImage.h */,
				F70E6EEC19781D37002D66F6 /* ObservationImage.m */,
			);
			name = Observation;
			sourceTree = "<group>";
		};
		F7A94D5D18AD9CAF00CB9EE0 = {
			isa = PBXGroup;
			children = (
				F7A94D7118AD9CB000CB9EE0 /* Mage */,
				F7A94D8E18AD9CB000CB9EE0 /* MageTests */,
				F7A94D6818AD9CB000CB9EE0 /* Frameworks */,
				F7A94D6718AD9CB000CB9EE0 /* Products */,
				7E2901AEF10B4754A517226F /* Pods.xcconfig */,
			);
			sourceTree = "<group>";
		};
		F7A94D6718AD9CB000CB9EE0 /* Products */ = {
			isa = PBXGroup;
			children = (
				F7A94D6618AD9CB000CB9EE0 /* Mage.app */,
				F7A94D8618AD9CB000CB9EE0 /* MageTests.xctest */,
			);
			name = Products;
			sourceTree = "<group>";
		};
		F7A94D6818AD9CB000CB9EE0 /* Frameworks */ = {
			isa = PBXGroup;
			children = (
				F7A94DAC18B5196600CB9EE0 /* libPods-JVFloatLabeledTextField.a */,
				F7A94DAA18B5100B00CB9EE0 /* QuartzCore.framework */,
				F7A94DA018ADBD5400CB9EE0 /* MapKit.framework */,
				F7A94D6918AD9CB000CB9EE0 /* Foundation.framework */,
				F7A94D6B18AD9CB000CB9EE0 /* CoreGraphics.framework */,
				F7A94D6D18AD9CB000CB9EE0 /* UIKit.framework */,
				F7A94D6F18AD9CB000CB9EE0 /* CoreData.framework */,
				F7A94D8718AD9CB000CB9EE0 /* XCTest.framework */,
				C8A622B3962D4C72B0951A4A /* libPods.a */,
			);
			name = Frameworks;
			sourceTree = "<group>";
		};
		F7A94D7118AD9CB000CB9EE0 /* Mage */ = {
			isa = PBXGroup;
			children = (
				F70E6EE719781585002D66F6 /* Observation */,
				4C2A38ED19745C0D00E7470A /* People */,
				4C546FE9195A27D1000CF230 /* Map */,
				4C3A805D18B6F67B00B1BA12 /* Main_iPhone.storyboard */,
				4C3A805F18B6F67B00B1BA12 /* Main_iPad.storyboard */,
				F7A94D7A18AD9CB000CB9EE0 /* AppDelegate.h */,
				F7A94D7B18AD9CB000CB9EE0 /* AppDelegate.m */,
				F7A94DAE18B54B2000CB9EE0 /* LoginViewController.h */,
				F7A94DAF18B54B2000CB9EE0 /* LoginViewController.m */,
				F7A94D8018AD9CB000CB9EE0 /* Images.xcassets */,
				F7A94DB118B55E6D00CB9EE0 /* Media.xcassets */,
				F7A94D7218AD9CB000CB9EE0 /* Supporting Files */,
				F783AD3318B812AC00BCED14 /* SettingsViewController.h */,
				F783AD3418B812AC00BCED14 /* SettingsViewController.m */,
				F7994AB5190EF7BD00A90A1D /* MageRootViewController.h */,
				F7994AB6190EF7BD00A90A1D /* MageRootViewController.m */,
				F7531EE0190FEE5D00CA084C /* MageNavigationMenuViewController.h */,
				F7531EE1190FEE5D00CA084C /* MageNavigationMenuViewController.m */,
				F7531EFE1910131C00CA084C /* ObservationViewerViewController.h */,
				F7531EFF1910131C00CA084C /* ObservationViewerViewController.m */,
				F7F840E91910151E0009C493 /* MageFilterMenuViewController.h */,
				F7F840EA1910151E0009C493 /* MageFilterMenuViewController.m */,
				F788005C191166B4007E909B /* LocationServicesSettingsTableViewController.h */,
				F788005D191166B4007E909B /* LocationServicesSettingsTableViewController.m */,
				F7DEF919191293C20026B9D0 /* DataFetchSettingsTableViewController.h */,
				F7DEF91A191293C20026B9D0 /* DataFetchSettingsTableViewController.m */,
				F721B3641913E61B00F1CAB4 /* ValuePickerTableViewController.h */,
				F721B3651913E61B00F1CAB4 /* ValuePickerTableViewController.m */,
				F721B3671913E6E000F1CAB4 /* ValueTableViewCell.h */,
				F721B3681913E6E000F1CAB4 /* ValueTableViewCell.m */,
				4C790F7419704DE300886E58 /* MageNavigationController.h */,
				4C790F7519704DE300886E58 /* MageNavigationController.m */,
				4C790F7719742CEC00886E58 /* DisclaimerNavigationController.h */,
				4C790F7819742CEC00886E58 /* DisclaimerNavigationController.m */,
				F7BFF8CA1975C4F1004E42E2 /* MageInitialViewController.h */,
				F7BFF8CB1975C4F1004E42E2 /* MageInitialViewController.m */,
			);
			path = Mage;
			sourceTree = "<group>";
		};
		F7A94D7218AD9CB000CB9EE0 /* Supporting Files */ = {
			isa = PBXGroup;
			children = (
				F7A94D7318AD9CB000CB9EE0 /* Mage-Info.plist */,
				F7A94D7418AD9CB000CB9EE0 /* InfoPlist.strings */,
				F7A94D7718AD9CB000CB9EE0 /* main.m */,
				F7A94D7918AD9CB000CB9EE0 /* Mage-Prefix.pch */,
				F7DEF91C1912A6940026B9D0 /* preferences.plist */,
			);
			name = "Supporting Files";
			sourceTree = "<group>";
		};
		F7A94D8E18AD9CB000CB9EE0 /* MageTests */ = {
			isa = PBXGroup;
			children = (
				F7A94D9418AD9CB000CB9EE0 /* MageTests.m */,
				F7A94D8F18AD9CB000CB9EE0 /* Supporting Files */,
			);
			path = MageTests;
			sourceTree = "<group>";
		};
		F7A94D8F18AD9CB000CB9EE0 /* Supporting Files */ = {
			isa = PBXGroup;
			children = (
				F7A94D9018AD9CB000CB9EE0 /* MageTests-Info.plist */,
				F7A94D9118AD9CB000CB9EE0 /* InfoPlist.strings */,
			);
			name = "Supporting Files";
			sourceTree = "<group>";
		};
/* End PBXGroup section */

/* Begin PBXNativeTarget section */
		F7A94D6518AD9CB000CB9EE0 /* Mage */ = {
			isa = PBXNativeTarget;
			buildConfigurationList = F7A94D9818AD9CB000CB9EE0 /* Build configuration list for PBXNativeTarget "Mage" */;
			buildPhases = (
				DE8C6B93007C49AA85E2B7FF /* Check Pods Manifest.lock */,
				F7A94D6218AD9CB000CB9EE0 /* Sources */,
				F7A94D6318AD9CB000CB9EE0 /* Frameworks */,
				F7A94D6418AD9CB000CB9EE0 /* Resources */,
				D463D976382545778189AEE0 /* Copy Pods Resources */,
			);
			buildRules = (
			);
			dependencies = (
			);
			name = Mage;
			productName = Mage;
			productReference = F7A94D6618AD9CB000CB9EE0 /* Mage.app */;
			productType = "com.apple.product-type.application";
		};
		F7A94D8518AD9CB000CB9EE0 /* MageTests */ = {
			isa = PBXNativeTarget;
			buildConfigurationList = F7A94D9B18AD9CB000CB9EE0 /* Build configuration list for PBXNativeTarget "MageTests" */;
			buildPhases = (
				F7A94D8218AD9CB000CB9EE0 /* Sources */,
				F7A94D8318AD9CB000CB9EE0 /* Frameworks */,
				F7A94D8418AD9CB000CB9EE0 /* Resources */,
			);
			buildRules = (
			);
			dependencies = (
				F7A94D8D18AD9CB000CB9EE0 /* PBXTargetDependency */,
			);
			name = MageTests;
			productName = MageTests;
			productReference = F7A94D8618AD9CB000CB9EE0 /* MageTests.xctest */;
			productType = "com.apple.product-type.bundle.unit-test";
		};
/* End PBXNativeTarget section */

/* Begin PBXProject section */
		F7A94D5E18AD9CAF00CB9EE0 /* Project object */ = {
			isa = PBXProject;
			attributes = {
				LastUpgradeCheck = 0500;
				ORGANIZATIONNAME = "Dan Barela";
				TargetAttributes = {
					F7A94D8518AD9CB000CB9EE0 = {
						TestTargetID = F7A94D6518AD9CB000CB9EE0;
					};
				};
			};
			buildConfigurationList = F7A94D6118AD9CAF00CB9EE0 /* Build configuration list for PBXProject "Mage" */;
			compatibilityVersion = "Xcode 3.2";
			developmentRegion = English;
			hasScannedForEncodings = 0;
			knownRegions = (
				en,
				Base,
			);
			mainGroup = F7A94D5D18AD9CAF00CB9EE0;
			productRefGroup = F7A94D6718AD9CB000CB9EE0 /* Products */;
			projectDirPath = "";
			projectRoot = "";
			targets = (
				F7A94D6518AD9CB000CB9EE0 /* Mage */,
				F7A94D8518AD9CB000CB9EE0 /* MageTests */,
			);
		};
/* End PBXProject section */

/* Begin PBXResourcesBuildPhase section */
		F7A94D6418AD9CB000CB9EE0 /* Resources */ = {
			isa = PBXResourcesBuildPhase;
			buildActionMask = 2147483647;
			files = (
				4C3A806218B6F67B00B1BA12 /* Main_iPad.storyboard in Resources */,
				4C3A806118B6F67B00B1BA12 /* Main_iPhone.storyboard in Resources */,
				F7A94DB218B55E6D00CB9EE0 /* Media.xcassets in Resources */,
				F7DEF91D1912A6940026B9D0 /* preferences.plist in Resources */,
				F7A94D7618AD9CB000CB9EE0 /* InfoPlist.strings in Resources */,
				F7A94D8118AD9CB000CB9EE0 /* Images.xcassets in Resources */,
			);
			runOnlyForDeploymentPostprocessing = 0;
		};
		F7A94D8418AD9CB000CB9EE0 /* Resources */ = {
			isa = PBXResourcesBuildPhase;
			buildActionMask = 2147483647;
			files = (
				F7A94D9318AD9CB000CB9EE0 /* InfoPlist.strings in Resources */,
			);
			runOnlyForDeploymentPostprocessing = 0;
		};
/* End PBXResourcesBuildPhase section */

/* Begin PBXShellScriptBuildPhase section */
		D463D976382545778189AEE0 /* Copy Pods Resources */ = {
			isa = PBXShellScriptBuildPhase;
			buildActionMask = 2147483647;
			files = (
			);
			inputPaths = (
			);
			name = "Copy Pods Resources";
			outputPaths = (
			);
			runOnlyForDeploymentPostprocessing = 0;
			shellPath = /bin/sh;
			shellScript = "\"${SRCROOT}/Pods/Pods-resources.sh\"\n";
			showEnvVarsInLog = 0;
		};
		DE8C6B93007C49AA85E2B7FF /* Check Pods Manifest.lock */ = {
			isa = PBXShellScriptBuildPhase;
			buildActionMask = 2147483647;
			files = (
			);
			inputPaths = (
			);
			name = "Check Pods Manifest.lock";
			outputPaths = (
			);
			runOnlyForDeploymentPostprocessing = 0;
			shellPath = /bin/sh;
			shellScript = "diff \"${PODS_ROOT}/../Podfile.lock\" \"${PODS_ROOT}/Manifest.lock\" > /dev/null\nif [[ $? != 0 ]] ; then\n    cat << EOM\nerror: The sandbox is not in sync with the Podfile.lock. Run 'pod install' or update your CocoaPods installation.\nEOM\n    exit 1\nfi\n";
			showEnvVarsInLog = 0;
		};
/* End PBXShellScriptBuildPhase section */

/* Begin PBXSourcesBuildPhase section */
		F7A94D6218AD9CB000CB9EE0 /* Sources */ = {
			isa = PBXSourcesBuildPhase;
			buildActionMask = 2147483647;
			files = (
				F7531EE2190FEE5D00CA084C /* MageNavigationMenuViewController.m in Sources */,
				4C2A38E919744FBC00E7470A /* PeopleTableViewController.m in Sources */,
				4C546FEC195A27F4000CF230 /* LocationAnnotation.m in Sources */,
				F788005E191166B4007E909B /* LocationServicesSettingsTableViewController.m in Sources */,
				4C2A38F01974803700E7470A /* PersonImage.m in Sources */,
				F721B3661913E61B00F1CAB4 /* ValuePickerTableViewController.m in Sources */,
				F7531EFD191010A600CA084C /* ObservationViewController.m in Sources */,
				F721B3691913E6E000F1CAB4 /* ValueTableViewCell.m in Sources */,
				4C790F7919742CEC00886E58 /* DisclaimerNavigationController.m in Sources */,
				F7A94D7C18AD9CB000CB9EE0 /* AppDelegate.m in Sources */,
				F70E6EEA197815B4002D66F6 /* ObservationTableViewCell.m in Sources */,
				F7DEF91B191293C20026B9D0 /* DataFetchSettingsTableViewController.m in Sources */,
				F7994AB7190EF7BD00A90A1D /* MageRootViewController.m in Sources */,
				F725A9CC195CB819002A699C /* ObservationAnnotation.m in Sources */,
				F7BFF8CC1975C4F1004E42E2 /* MageInitialViewController.m in Sources */,
				F783AD3518B812AC00BCED14 /* SettingsViewController.m in Sources */,
				F7531F001910131C00CA084C /* ObservationViewerViewController.m in Sources */,
				4C2A38EC19745BF900E7470A /* PersonTableViewCell.m in Sources */,
				4C790F7619704DE300886E58 /* MageNavigationController.m in Sources */,
				F7A94D7818AD9CB000CB9EE0 /* main.m in Sources */,
				4C390F3F1978376B00AB3CCB /* PersonViewController.m in Sources */,
				F70E6EED19781D37002D66F6 /* ObservationImage.m in Sources */,
				F7531EFA19100E7D00CA084C /* MapViewController.m in Sources */,
				F7A94DB018B54B2000CB9EE0 /* LoginViewController.m in Sources */,
				F7F840EB1910151E0009C493 /* MageFilterMenuViewController.m in Sources */,
			);
			runOnlyForDeploymentPostprocessing = 0;
		};
		F7A94D8218AD9CB000CB9EE0 /* Sources */ = {
			isa = PBXSourcesBuildPhase;
			buildActionMask = 2147483647;
			files = (
				F7A94D9518AD9CB000CB9EE0 /* MageTests.m in Sources */,
			);
			runOnlyForDeploymentPostprocessing = 0;
		};
/* End PBXSourcesBuildPhase section */

/* Begin PBXTargetDependency section */
		F7A94D8D18AD9CB000CB9EE0 /* PBXTargetDependency */ = {
			isa = PBXTargetDependency;
			target = F7A94D6518AD9CB000CB9EE0 /* Mage */;
			targetProxy = F7A94D8C18AD9CB000CB9EE0 /* PBXContainerItemProxy */;
		};
/* End PBXTargetDependency section */

/* Begin PBXVariantGroup section */
		4C3A805D18B6F67B00B1BA12 /* Main_iPhone.storyboard */ = {
			isa = PBXVariantGroup;
			children = (
				4C3A805E18B6F67B00B1BA12 /* Base */,
			);
			name = Main_iPhone.storyboard;
			sourceTree = "<group>";
		};
		4C3A805F18B6F67B00B1BA12 /* Main_iPad.storyboard */ = {
			isa = PBXVariantGroup;
			children = (
				4C3A806018B6F67B00B1BA12 /* Base */,
			);
			name = Main_iPad.storyboard;
			sourceTree = "<group>";
		};
		F7A94D7418AD9CB000CB9EE0 /* InfoPlist.strings */ = {
			isa = PBXVariantGroup;
			children = (
				F7A94D7518AD9CB000CB9EE0 /* en */,
			);
			name = InfoPlist.strings;
			sourceTree = "<group>";
		};
		F7A94D9118AD9CB000CB9EE0 /* InfoPlist.strings */ = {
			isa = PBXVariantGroup;
			children = (
				F7A94D9218AD9CB000CB9EE0 /* en */,
			);
			name = InfoPlist.strings;
			sourceTree = "<group>";
		};
/* End PBXVariantGroup section */

/* Begin XCBuildConfiguration section */
		F7A94D9618AD9CB000CB9EE0 /* Debug */ = {
			isa = XCBuildConfiguration;
			buildSettings = {
				ALWAYS_SEARCH_USER_PATHS = NO;
				ARCHS = "$(ARCHS_STANDARD_INCLUDING_64_BIT)";
				CLANG_CXX_LANGUAGE_STANDARD = "gnu++0x";
				CLANG_CXX_LIBRARY = "libc++";
				CLANG_ENABLE_MODULES = YES;
				CLANG_ENABLE_OBJC_ARC = YES;
				CLANG_WARN_BOOL_CONVERSION = YES;
				CLANG_WARN_CONSTANT_CONVERSION = YES;
				CLANG_WARN_DIRECT_OBJC_ISA_USAGE = YES_ERROR;
				CLANG_WARN_EMPTY_BODY = YES;
				CLANG_WARN_ENUM_CONVERSION = YES;
				CLANG_WARN_INT_CONVERSION = YES;
				CLANG_WARN_OBJC_ROOT_CLASS = YES_ERROR;
				CLANG_WARN__DUPLICATE_METHOD_MATCH = YES;
				"CODE_SIGN_IDENTITY[sdk=iphoneos*]" = "iPhone Developer";
				COPY_PHASE_STRIP = NO;
				GCC_C_LANGUAGE_STANDARD = gnu99;
				GCC_DYNAMIC_NO_PIC = NO;
				GCC_OPTIMIZATION_LEVEL = 0;
				GCC_PREPROCESSOR_DEFINITIONS = (
					"DEBUG=1",
					"$(inherited)",
				);
				GCC_SYMBOLS_PRIVATE_EXTERN = NO;
				GCC_WARN_64_TO_32_BIT_CONVERSION = YES;
				GCC_WARN_ABOUT_RETURN_TYPE = YES_ERROR;
				GCC_WARN_UNDECLARED_SELECTOR = YES;
				GCC_WARN_UNINITIALIZED_AUTOS = YES;
				GCC_WARN_UNUSED_FUNCTION = YES;
				GCC_WARN_UNUSED_VARIABLE = YES;
				IPHONEOS_DEPLOYMENT_TARGET = 7.0;
				ONLY_ACTIVE_ARCH = YES;
				SDKROOT = iphoneos;
				TARGETED_DEVICE_FAMILY = "1,2";
			};
			name = Debug;
		};
		F7A94D9718AD9CB000CB9EE0 /* Release */ = {
			isa = XCBuildConfiguration;
			buildSettings = {
				ALWAYS_SEARCH_USER_PATHS = NO;
				ARCHS = "$(ARCHS_STANDARD_INCLUDING_64_BIT)";
				CLANG_CXX_LANGUAGE_STANDARD = "gnu++0x";
				CLANG_CXX_LIBRARY = "libc++";
				CLANG_ENABLE_MODULES = YES;
				CLANG_ENABLE_OBJC_ARC = YES;
				CLANG_WARN_BOOL_CONVERSION = YES;
				CLANG_WARN_CONSTANT_CONVERSION = YES;
				CLANG_WARN_DIRECT_OBJC_ISA_USAGE = YES_ERROR;
				CLANG_WARN_EMPTY_BODY = YES;
				CLANG_WARN_ENUM_CONVERSION = YES;
				CLANG_WARN_INT_CONVERSION = YES;
				CLANG_WARN_OBJC_ROOT_CLASS = YES_ERROR;
				CLANG_WARN__DUPLICATE_METHOD_MATCH = YES;
				"CODE_SIGN_IDENTITY[sdk=iphoneos*]" = "iPhone Developer";
				COPY_PHASE_STRIP = YES;
				ENABLE_NS_ASSERTIONS = NO;
				GCC_C_LANGUAGE_STANDARD = gnu99;
				GCC_WARN_64_TO_32_BIT_CONVERSION = YES;
				GCC_WARN_ABOUT_RETURN_TYPE = YES_ERROR;
				GCC_WARN_UNDECLARED_SELECTOR = YES;
				GCC_WARN_UNINITIALIZED_AUTOS = YES;
				GCC_WARN_UNUSED_FUNCTION = YES;
				GCC_WARN_UNUSED_VARIABLE = YES;
				IPHONEOS_DEPLOYMENT_TARGET = 7.0;
				SDKROOT = iphoneos;
				TARGETED_DEVICE_FAMILY = "1,2";
				VALIDATE_PRODUCT = YES;
			};
			name = Release;
		};
		F7A94D9918AD9CB000CB9EE0 /* Debug */ = {
			isa = XCBuildConfiguration;
			baseConfigurationReference = 7E2901AEF10B4754A517226F /* Pods.xcconfig */;
			buildSettings = {
				ASSETCATALOG_COMPILER_APPICON_NAME = AppIcon;
				ASSETCATALOG_COMPILER_LAUNCHIMAGE_NAME = LaunchImage;
				GCC_PRECOMPILE_PREFIX_HEADER = YES;
				GCC_PREFIX_HEADER = "Mage/Mage-Prefix.pch";
				INFOPLIST_FILE = "Mage/Mage-Info.plist";
				IPHONEOS_DEPLOYMENT_TARGET = 6.1;
				PRODUCT_NAME = "$(TARGET_NAME)";
				WRAPPER_EXTENSION = app;
			};
			name = Debug;
		};
		F7A94D9A18AD9CB000CB9EE0 /* Release */ = {
			isa = XCBuildConfiguration;
			baseConfigurationReference = 7E2901AEF10B4754A517226F /* Pods.xcconfig */;
			buildSettings = {
				ASSETCATALOG_COMPILER_APPICON_NAME = AppIcon;
				ASSETCATALOG_COMPILER_LAUNCHIMAGE_NAME = LaunchImage;
				GCC_PRECOMPILE_PREFIX_HEADER = YES;
				GCC_PREFIX_HEADER = "Mage/Mage-Prefix.pch";
				INFOPLIST_FILE = "Mage/Mage-Info.plist";
				IPHONEOS_DEPLOYMENT_TARGET = 6.1;
				PRODUCT_NAME = "$(TARGET_NAME)";
				WRAPPER_EXTENSION = app;
			};
			name = Release;
		};
		F7A94D9C18AD9CB000CB9EE0 /* Debug */ = {
			isa = XCBuildConfiguration;
			buildSettings = {
				ARCHS = "$(ARCHS_STANDARD_INCLUDING_64_BIT)";
				BUNDLE_LOADER = "$(BUILT_PRODUCTS_DIR)/Mage.app/Mage";
				FRAMEWORK_SEARCH_PATHS = (
					"$(SDKROOT)/Developer/Library/Frameworks",
					"$(inherited)",
					"$(DEVELOPER_FRAMEWORKS_DIR)",
				);
				GCC_PRECOMPILE_PREFIX_HEADER = YES;
				GCC_PREFIX_HEADER = "Mage/Mage-Prefix.pch";
				GCC_PREPROCESSOR_DEFINITIONS = (
					"DEBUG=1",
					"$(inherited)",
				);
				INFOPLIST_FILE = "MageTests/MageTests-Info.plist";
				PRODUCT_NAME = "$(TARGET_NAME)";
				TEST_HOST = "$(BUNDLE_LOADER)";
				WRAPPER_EXTENSION = xctest;
			};
			name = Debug;
		};
		F7A94D9D18AD9CB000CB9EE0 /* Release */ = {
			isa = XCBuildConfiguration;
			buildSettings = {
				ARCHS = "$(ARCHS_STANDARD_INCLUDING_64_BIT)";
				BUNDLE_LOADER = "$(BUILT_PRODUCTS_DIR)/Mage.app/Mage";
				FRAMEWORK_SEARCH_PATHS = (
					"$(SDKROOT)/Developer/Library/Frameworks",
					"$(inherited)",
					"$(DEVELOPER_FRAMEWORKS_DIR)",
				);
				GCC_PRECOMPILE_PREFIX_HEADER = YES;
				GCC_PREFIX_HEADER = "Mage/Mage-Prefix.pch";
				INFOPLIST_FILE = "MageTests/MageTests-Info.plist";
				PRODUCT_NAME = "$(TARGET_NAME)";
				TEST_HOST = "$(BUNDLE_LOADER)";
				WRAPPER_EXTENSION = xctest;
			};
			name = Release;
		};
/* End XCBuildConfiguration section */

/* Begin XCConfigurationList section */
		F7A94D6118AD9CAF00CB9EE0 /* Build configuration list for PBXProject "Mage" */ = {
			isa = XCConfigurationList;
			buildConfigurations = (
				F7A94D9618AD9CB000CB9EE0 /* Debug */,
				F7A94D9718AD9CB000CB9EE0 /* Release */,
			);
			defaultConfigurationIsVisible = 0;
			defaultConfigurationName = Release;
		};
		F7A94D9818AD9CB000CB9EE0 /* Build configuration list for PBXNativeTarget "Mage" */ = {
			isa = XCConfigurationList;
			buildConfigurations = (
				F7A94D9918AD9CB000CB9EE0 /* Debug */,
				F7A94D9A18AD9CB000CB9EE0 /* Release */,
			);
			defaultConfigurationIsVisible = 0;
			defaultConfigurationName = Release;
		};
		F7A94D9B18AD9CB000CB9EE0 /* Build configuration list for PBXNativeTarget "MageTests" */ = {
			isa = XCConfigurationList;
			buildConfigurations = (
				F7A94D9C18AD9CB000CB9EE0 /* Debug */,
				F7A94D9D18AD9CB000CB9EE0 /* Release */,
			);
			defaultConfigurationIsVisible = 0;
			defaultConfigurationName = Release;
		};
/* End XCConfigurationList section */
	};
	rootObject = F7A94D5E18AD9CAF00CB9EE0 /* Project object */;
}
