{
  "originHash" : "ef6625289e51aefb73813613aa0ec36b02c43ab547fb3815c8dc0c494a068963",
  "pins" : [
    {
      "identity" : "alamofire",
      "kind" : "remoteSourceControl",
      "location" : "https://github.com/Alamofire/Alamofire.git",
      "state" : {
        "revision" : "f455c2975872ccd2d9c81594c658af65716e9b9a",
        "version" : "5.9.1"
      }
    },
    {
      "identity" : "color-ios",
      "kind" : "remoteSourceControl",
      "location" : "https://github.com/ngageoint/color-ios",
      "state" : {
        "revision" : "1c588dafaf599a32d9adc29880264281dfbf286f",
        "version" : "2.0.0"
      }
    },
    {
      "identity" : "coordinate-reference-systems-ios",
      "kind" : "remoteSourceControl",
      "location" : "https://github.com/ngageoint/coordinate-reference-systems-ios.git",
      "state" : {
        "revision" : "d0d8cd34710aa78adb1bef3cdb2bf09a18356fa0",
        "version" : "2.0.0"
      }
    },
    {
      "identity" : "exceptioncatcher",
      "kind" : "remoteSourceControl",
      "location" : "https://github.com/sindresorhus/ExceptionCatcher",
      "state" : {
        "revision" : "a7acaf40f8bd67a1f3a05a14de5b6a861ac3d1ac",
        "version" : "2.0.1"
      }
    },
    {
      "identity" : "kingfisher",
      "kind" : "remoteSourceControl",
      "location" : "https://github.com/onevcat/Kingfisher.git",
      "state" : {
        "revision" : "2ef543ee21d63734e1c004ad6c870255e8716c50",
        "version" : "7.12.0"
      }
    },
    {
      "identity" : "swiftuikitview",
      "kind" : "remoteSourceControl",
      "location" : "https://github.com/AvdLee/SwiftUIKitView.git",
      "state" : {
        "revision" : "56f2a1f8e35d5c258f633e8472cd59345ed5ae59",
        "version" : "2.0.0"
      }
    }
  ],
  "version" : 3
}
